
Microsoft Visual Studio Solution File, Format Version 12.00
# Visual Studio Version 17
VisualStudioVersion = 17.3.32929.385
MinimumVisualStudioVersion = 10.0.40219.1
Project("{8BC9CEB8-8B4A-11D0-8D11-00A0C91BC942}") = "du2", "du2\du2.vcxproj", "{231C5B58-F1BE-47DB-B586-2E8CA72F4724}"
EndProject
Global
	GlobalSection(SolutionConfigurationPlatforms) = preSolution
		Debug|x64 = Debug|x64
		Debug|x86 = Debug|x86
		Release|x64 = Release|x64
		Release|x86 = Release|x86
	EndGlobalSection
	GlobalSection(ProjectConfigurationPlatforms) = postSolution
		{231C5B58-F1BE-47DB-B586-2E8CA72F4724}.Debug|x64.ActiveCfg = Debug|x64
		{231C5B58-F1BE-47DB-B586-2E8CA72F4724}.Debug|x64.Build.0 = Debug|x64
		{231C5B58-F1BE-47DB-B586-2E8CA72F4724}.Debug|x86.ActiveCfg = Debug|Win32
		{231C5B58-F1BE-47DB-B586-2E8CA72F4724}.Debug|x86.Build.0 = Debug|Win32
		{231C5B58-F1BE-47DB-B586-2E8CA72F4724}.Release|x64.ActiveCfg = Release|x64
		{231C5B58-F1BE-47DB-B586-2E8CA72F4724}.Release|x64.Build.0 = Release|x64
		{231C5B58-F1BE-47DB-B586-2E8CA72F4724}.Release|x86.ActiveCfg = Release|Win32
		{231C5B58-F1BE-47DB-B586-2E8CA72F4724}.Release|x86.Build.0 = Release|Win32
	EndGlobalSection
	GlobalSection(SolutionProperties) = preSolution
		HideSolutionNode = FALSE
	EndGlobalSection
	GlobalSection(ExtensibilityGlobals) = postSolution
		SolutionGuid = {658E84D2-0564-4BF9-8EB6-241D0E1C8545}
	EndGlobalSection
EndGlobal
